
Microsoft Visual Studio Solution File, Format Version 12.00
# Visual Studio 15
VisualStudioVersion = 15.0.28010.2003
MinimumVisualStudioVersion = 10.0.40219.1
Project("{9A19103F-16F7-4668-BE54-9A1E7A4F7556}") = "Cardstone.Data", "Cardstone.Data\Cardstone.Data.csproj", "{7618A713-430B-43BC-BF5B-7ECF3C1B1D2E}"
EndProject
Project("{9A19103F-16F7-4668-BE54-9A1E7A4F7556}") = "Cardstone.CLI", "Cardstone.CLI\Cardstone.CLI.csproj", "{BC95899D-5768-47F4-8341-04E319611D1A}"
EndProject
Project("{FAE04EC0-301F-11D3-BF4B-00C04F79EFBC}") = "Cardstone.Services", "Cardstone.Services\Cardstone.Services.csproj", "{50A7BA87-D443-4ED1-80A0-0568B7A0D6F9}"
EndProject
Global
	GlobalSection(SolutionConfigurationPlatforms) = preSolution
		Debug|Any CPU = Debug|Any CPU
		Release|Any CPU = Release|Any CPU
	EndGlobalSection
	GlobalSection(ProjectConfigurationPlatforms) = postSolution
		{7618A713-430B-43BC-BF5B-7ECF3C1B1D2E}.Debug|Any CPU.ActiveCfg = Debug|Any CPU
		{7618A713-430B-43BC-BF5B-7ECF3C1B1D2E}.Debug|Any CPU.Build.0 = Debug|Any CPU
		{7618A713-430B-43BC-BF5B-7ECF3C1B1D2E}.Release|Any CPU.ActiveCfg = Release|Any CPU
		{7618A713-430B-43BC-BF5B-7ECF3C1B1D2E}.Release|Any CPU.Build.0 = Release|Any CPU
		{BC95899D-5768-47F4-8341-04E319611D1A}.Debug|Any CPU.ActiveCfg = Debug|Any CPU
		{BC95899D-5768-47F4-8341-04E319611D1A}.Debug|Any CPU.Build.0 = Debug|Any CPU
		{BC95899D-5768-47F4-8341-04E319611D1A}.Release|Any CPU.ActiveCfg = Release|Any CPU
		{BC95899D-5768-47F4-8341-04E319611D1A}.Release|Any CPU.Build.0 = Release|Any CPU
		{50A7BA87-D443-4ED1-80A0-0568B7A0D6F9}.Debug|Any CPU.ActiveCfg = Debug|Any CPU
		{50A7BA87-D443-4ED1-80A0-0568B7A0D6F9}.Debug|Any CPU.Build.0 = Debug|Any CPU
		{50A7BA87-D443-4ED1-80A0-0568B7A0D6F9}.Release|Any CPU.ActiveCfg = Release|Any CPU
		{50A7BA87-D443-4ED1-80A0-0568B7A0D6F9}.Release|Any CPU.Build.0 = Release|Any CPU
	EndGlobalSection
	GlobalSection(SolutionProperties) = preSolution
		HideSolutionNode = FALSE
	EndGlobalSection
	GlobalSection(ExtensibilityGlobals) = postSolution
		SolutionGuid = {78C5B12C-3A58-43E5-B421-EF866F6A8A71}
	EndGlobalSection
EndGlobal
